// !$*UTF8*$!
{
	archiveVersion = 1;
	classes = {
	};
	objectVersion = 46;
	objects = {

/* Begin PBXBuildFile section */
		3C45605153B10ACD2065EC15 /* Pods_GourmetSearch.framework in Frameworks */ = {isa = PBXBuildFile; fileRef = E67087951C7677953B486945 /* Pods_GourmetSearch.framework */; };
		E21CA8301E4EF94E00951815 /* YahooLocalSearch.swift in Sources */ = {isa = PBXBuildFile; fileRef = E21CA82F1E4EF94E00951815 /* YahooLocalSearch.swift */; };
		E21CA8321E4F22B700951815 /* SearchTopTableViewController.swift in Sources */ = {isa = PBXBuildFile; fileRef = E21CA8311E4F22B700951815 /* SearchTopTableViewController.swift */; };
		E21CA8341E4F23D600951815 /* FreewordTableViewCell.swift in Sources */ = {isa = PBXBuildFile; fileRef = E21CA8331E4F23D600951815 /* FreewordTableViewCell.swift */; };
		E21CA8361E4F344B00951815 /* ShopDetailViewController.swift in Sources */ = {isa = PBXBuildFile; fileRef = E21CA8351E4F344B00951815 /* ShopDetailViewController.swift */; };
		E21CA8381E4F460300951815 /* Favorite.swift in Sources */ = {isa = PBXBuildFile; fileRef = E21CA8371E4F460300951815 /* Favorite.swift */; };
		E21CA83B1E4F4DB100951815 /* SearchNavigationController.swift in Sources */ = {isa = PBXBuildFile; fileRef = E21CA83A1E4F4DB100951815 /* SearchNavigationController.swift */; };
		E21CA83D1E4F4DC400951815 /* FavoriteNavigationController.swift in Sources */ = {isa = PBXBuildFile; fileRef = E21CA83C1E4F4DC400951815 /* FavoriteNavigationController.swift */; };
		E21CA83F1E4F571C00951815 /* ShopMapDetailViewController.swift in Sources */ = {isa = PBXBuildFile; fileRef = E21CA83E1E4F571C00951815 /* ShopMapDetailViewController.swift */; };
		E21CA8411E4F58D200951815 /* LocationService.swift in Sources */ = {isa = PBXBuildFile; fileRef = E21CA8401E4F58D200951815 /* LocationService.swift */; };
		E21CA8431E4F654C00951815 /* ShopPhoto.swift in Sources */ = {isa = PBXBuildFile; fileRef = E21CA8421E4F654C00951815 /* ShopPhoto.swift */; };
		E21CA8461E4F762700951815 /* PhotoListViewController.swift in Sources */ = {isa = PBXBuildFile; fileRef = E21CA8451E4F762700951815 /* PhotoListViewController.swift */; };
		E21CA8481E4F764500951815 /* PhotoListItemCollectionViewCell.swift in Sources */ = {isa = PBXBuildFile; fileRef = E21CA8471E4F764500951815 /* PhotoListItemCollectionViewCell.swift */; };
		E21CA84A1E4F766500951815 /* PhotoListItemCollectionViewHeader.swift in Sources */ = {isa = PBXBuildFile; fileRef = E21CA8491E4F766500951815 /* PhotoListItemCollectionViewHeader.swift */; };
		E26FF44F1E4EC0F800CD4E50 /* AppDelegate.swift in Sources */ = {isa = PBXBuildFile; fileRef = E26FF44E1E4EC0F800CD4E50 /* AppDelegate.swift */; };
		E26FF4511E4EC0F800CD4E50 /* ShopListViewController.swift in Sources */ = {isa = PBXBuildFile; fileRef = E26FF4501E4EC0F800CD4E50 /* ShopListViewController.swift */; };
		E26FF4541E4EC0F800CD4E50 /* Main.storyboard in Resources */ = {isa = PBXBuildFile; fileRef = E26FF4521E4EC0F800CD4E50 /* Main.storyboard */; };
		E26FF4561E4EC0F800CD4E50 /* Assets.xcassets in Resources */ = {isa = PBXBuildFile; fileRef = E26FF4551E4EC0F800CD4E50 /* Assets.xcassets */; };
		E26FF4591E4EC0F800CD4E50 /* LaunchScreen.storyboard in Resources */ = {isa = PBXBuildFile; fileRef = E26FF4571E4EC0F800CD4E50 /* LaunchScreen.storyboard */; };
		E2F83AA81E4EEF5E009C51AF /* ShopListItemTableViewCell.swift in Sources */ = {isa = PBXBuildFile; fileRef = E2F83AA71E4EEF5E009C51AF /* ShopListItemTableViewCell.swift */; };
/* End PBXBuildFile section */

/* Begin PBXFileReference section */
		42132D984E26E1DB2288642B /* Pods-GourmetSearch.release.xcconfig */ = {isa = PBXFileReference; includeInIndex = 1; lastKnownFileType = text.xcconfig; name = "Pods-GourmetSearch.release.xcconfig"; path = "Pods/Target Support Files/Pods-GourmetSearch/Pods-GourmetSearch.release.xcconfig"; sourceTree = "<group>"; };
		95AA0866C4FEE820BDE0BCAD /* Pods-GourmetSearch.debug.xcconfig */ = {isa = PBXFileReference; includeInIndex = 1; lastKnownFileType = text.xcconfig; name = "Pods-GourmetSearch.debug.xcconfig"; path = "Pods/Target Support Files/Pods-GourmetSearch/Pods-GourmetSearch.debug.xcconfig"; sourceTree = "<group>"; };
		E21CA82F1E4EF94E00951815 /* YahooLocalSearch.swift */ = {isa = PBXFileReference; fileEncoding = 4; lastKnownFileType = sourcecode.swift; path = YahooLocalSearch.swift; sourceTree = "<group>"; };
		E21CA8311E4F22B700951815 /* SearchTopTableViewController.swift */ = {isa = PBXFileReference; fileEncoding = 4; lastKnownFileType = sourcecode.swift; path = SearchTopTableViewController.swift; sourceTree = "<group>"; };
		E21CA8331E4F23D600951815 /* FreewordTableViewCell.swift */ = {isa = PBXFileReference; fileEncoding = 4; lastKnownFileType = sourcecode.swift; path = FreewordTableViewCell.swift; sourceTree = "<group>"; };
		E21CA8351E4F344B00951815 /* ShopDetailViewController.swift */ = {isa = PBXFileReference; fileEncoding = 4; lastKnownFileType = sourcecode.swift; path = ShopDetailViewController.swift; sourceTree = "<group>"; };
		E21CA8371E4F460300951815 /* Favorite.swift */ = {isa = PBXFileReference; fileEncoding = 4; lastKnownFileType = sourcecode.swift; path = Favorite.swift; sourceTree = "<group>"; };
		E21CA83A1E4F4DB100951815 /* SearchNavigationController.swift */ = {isa = PBXFileReference; fileEncoding = 4; lastKnownFileType = sourcecode.swift; path = SearchNavigationController.swift; sourceTree = "<group>"; };
		E21CA83C1E4F4DC400951815 /* FavoriteNavigationController.swift */ = {isa = PBXFileReference; fileEncoding = 4; lastKnownFileType = sourcecode.swift; path = FavoriteNavigationController.swift; sourceTree = "<group>"; };
		E21CA83E1E4F571C00951815 /* ShopMapDetailViewController.swift */ = {isa = PBXFileReference; fileEncoding = 4; lastKnownFileType = sourcecode.swift; path = ShopMapDetailViewController.swift; sourceTree = "<group>"; };
		E21CA8401E4F58D200951815 /* LocationService.swift */ = {isa = PBXFileReference; fileEncoding = 4; lastKnownFileType = sourcecode.swift; path = LocationService.swift; sourceTree = "<group>"; };
		E21CA8421E4F654C00951815 /* ShopPhoto.swift */ = {isa = PBXFileReference; fileEncoding = 4; lastKnownFileType = sourcecode.swift; path = ShopPhoto.swift; sourceTree = "<group>"; };
		E21CA8451E4F762700951815 /* PhotoListViewController.swift */ = {isa = PBXFileReference; fileEncoding = 4; lastKnownFileType = sourcecode.swift; path = PhotoListViewController.swift; sourceTree = "<group>"; };
		E21CA8471E4F764500951815 /* PhotoListItemCollectionViewCell.swift */ = {isa = PBXFileReference; fileEncoding = 4; lastKnownFileType = sourcecode.swift; path = PhotoListItemCollectionViewCell.swift; sourceTree = "<group>"; };
		E21CA8491E4F766500951815 /* PhotoListItemCollectionViewHeader.swift */ = {isa = PBXFileReference; fileEncoding = 4; lastKnownFileType = sourcecode.swift; path = PhotoListItemCollectionViewHeader.swift; sourceTree = "<group>"; };
		E240FB731E4EC5B7002CEB42 /* GourmetSearch-Bridging-Header.h */ = {isa = PBXFileReference; lastKnownFileType = sourcecode.c.h; path = "GourmetSearch-Bridging-Header.h"; sourceTree = "<group>"; };
		E240FB771E4EC6C2002CEB42 /* ja */ = {isa = PBXFileReference; lastKnownFileType = text.plist.strings; name = ja; path = ja.lproj/LaunchScreen.strings; sourceTree = "<group>"; };
		E26FF44B1E4EC0F800CD4E50 /* GourmetSearch.app */ = {isa = PBXFileReference; explicitFileType = wrapper.application; includeInIndex = 0; path = GourmetSearch.app; sourceTree = BUILT_PRODUCTS_DIR; };
		E26FF44E1E4EC0F800CD4E50 /* AppDelegate.swift */ = {isa = PBXFileReference; lastKnownFileType = sourcecode.swift; path = AppDelegate.swift; sourceTree = "<group>"; };
		E26FF4501E4EC0F800CD4E50 /* ShopListViewController.swift */ = {isa = PBXFileReference; lastKnownFileType = sourcecode.swift; path = ShopListViewController.swift; sourceTree = "<group>"; };
		E26FF4531E4EC0F800CD4E50 /* Base */ = {isa = PBXFileReference; lastKnownFileType = file.storyboard; name = Base; path = Base.lproj/Main.storyboard; sourceTree = "<group>"; };
		E26FF4551E4EC0F800CD4E50 /* Assets.xcassets */ = {isa = PBXFileReference; lastKnownFileType = folder.assetcatalog; path = Assets.xcassets; sourceTree = "<group>"; };
		E26FF4581E4EC0F800CD4E50 /* Base */ = {isa = PBXFileReference; lastKnownFileType = file.storyboard; name = Base; path = Base.lproj/LaunchScreen.storyboard; sourceTree = "<group>"; };
		E26FF45A1E4EC0F800CD4E50 /* Info.plist */ = {isa = PBXFileReference; lastKnownFileType = text.plist.xml; path = Info.plist; sourceTree = "<group>"; };
		E2F83AA71E4EEF5E009C51AF /* ShopListItemTableViewCell.swift */ = {isa = PBXFileReference; fileEncoding = 4; lastKnownFileType = sourcecode.swift; path = ShopListItemTableViewCell.swift; sourceTree = "<group>"; };
		E67087951C7677953B486945 /* Pods_GourmetSearch.framework */ = {isa = PBXFileReference; explicitFileType = wrapper.framework; includeInIndex = 0; path = Pods_GourmetSearch.framework; sourceTree = BUILT_PRODUCTS_DIR; };
/* End PBXFileReference section */

/* Begin PBXFrameworksBuildPhase section */
		E26FF4481E4EC0F800CD4E50 /* Frameworks */ = {
			isa = PBXFrameworksBuildPhase;
			buildActionMask = 2147483647;
			files = (
				3C45605153B10ACD2065EC15 /* Pods_GourmetSearch.framework in Frameworks */,
			);
			runOnlyForDeploymentPostprocessing = 0;
		};
/* End PBXFrameworksBuildPhase section */

/* Begin PBXGroup section */
		29EF1D7E3B303BA2DBBE3567 /* Frameworks */ = {
			isa = PBXGroup;
			children = (
				E67087951C7677953B486945 /* Pods_GourmetSearch.framework */,
			);
			name = Frameworks;
			sourceTree = "<group>";
		};
		E21CA82E1E4EF93300951815 /* Common */ = {
			isa = PBXGroup;
			children = (
				E21CA82F1E4EF94E00951815 /* YahooLocalSearch.swift */,
				E21CA8371E4F460300951815 /* Favorite.swift */,
				E21CA8401E4F58D200951815 /* LocationService.swift */,
				E21CA8421E4F654C00951815 /* ShopPhoto.swift */,
			);
			name = Common;
			sourceTree = "<group>";
		};
		E21CA8391E4F4D9900951815 /* Tabs */ = {
			isa = PBXGroup;
			children = (
				E21CA83C1E4F4DC400951815 /* FavoriteNavigationController.swift */,
				E21CA83A1E4F4DB100951815 /* SearchNavigationController.swift */,
			);
			name = Tabs;
			sourceTree = "<group>";
		};
		E21CA8441E4F760E00951815 /* PhotoList */ = {
			isa = PBXGroup;
			children = (
				E21CA8451E4F762700951815 /* PhotoListViewController.swift */,
				E21CA8471E4F764500951815 /* PhotoListItemCollectionViewCell.swift */,
				E21CA8491E4F766500951815 /* PhotoListItemCollectionViewHeader.swift */,
			);
			name = PhotoList;
			sourceTree = "<group>";
		};
		E26FF4421E4EC0F800CD4E50 = {
			isa = PBXGroup;
			children = (
				E26FF44D1E4EC0F800CD4E50 /* GourmetSearch */,
				E26FF44C1E4EC0F800CD4E50 /* Products */,
				EF0191AB8CF5D7F1B1D23DC2 /* Pods */,
				29EF1D7E3B303BA2DBBE3567 /* Frameworks */,
				E240FB731E4EC5B7002CEB42 /* GourmetSearch-Bridging-Header.h */,
			);
			sourceTree = "<group>";
		};
		E26FF44C1E4EC0F800CD4E50 /* Products */ = {
			isa = PBXGroup;
			children = (
				E26FF44B1E4EC0F800CD4E50 /* GourmetSearch.app */,
			);
			name = Products;
			sourceTree = "<group>";
		};
		E26FF44D1E4EC0F800CD4E50 /* GourmetSearch */ = {
			isa = PBXGroup;
			children = (
				E21CA8441E4F760E00951815 /* PhotoList */,
				E21CA8391E4F4D9900951815 /* Tabs */,
				E21CA82E1E4EF93300951815 /* Common */,
				E2F83AA91E4EEF6B009C51AF /* ShopList */,
				E26FF44E1E4EC0F800CD4E50 /* AppDelegate.swift */,
				E26FF4521E4EC0F800CD4E50 /* Main.storyboard */,
				E26FF4551E4EC0F800CD4E50 /* Assets.xcassets */,
				E26FF4571E4EC0F800CD4E50 /* LaunchScreen.storyboard */,
				E26FF45A1E4EC0F800CD4E50 /* Info.plist */,
			);
			path = GourmetSearch;
			sourceTree = "<group>";
		};
		E2F83AA91E4EEF6B009C51AF /* ShopList */ = {
			isa = PBXGroup;
			children = (
				E2F83AA71E4EEF5E009C51AF /* ShopListItemTableViewCell.swift */,
				E26FF4501E4EC0F800CD4E50 /* ShopListViewController.swift */,
				E21CA8311E4F22B700951815 /* SearchTopTableViewController.swift */,
				E21CA8331E4F23D600951815 /* FreewordTableViewCell.swift */,
				E21CA8351E4F344B00951815 /* ShopDetailViewController.swift */,
				E21CA83E1E4F571C00951815 /* ShopMapDetailViewController.swift */,
			);
			name = ShopList;
			sourceTree = "<group>";
		};
		EF0191AB8CF5D7F1B1D23DC2 /* Pods */ = {
			isa = PBXGroup;
			children = (
				95AA0866C4FEE820BDE0BCAD /* Pods-GourmetSearch.debug.xcconfig */,
				42132D984E26E1DB2288642B /* Pods-GourmetSearch.release.xcconfig */,
			);
			name = Pods;
			sourceTree = "<group>";
		};
/* End PBXGroup section */

/* Begin PBXNativeTarget section */
		E26FF44A1E4EC0F800CD4E50 /* GourmetSearch */ = {
			isa = PBXNativeTarget;
			buildConfigurationList = E26FF45D1E4EC0F800CD4E50 /* Build configuration list for PBXNativeTarget "GourmetSearch" */;
			buildPhases = (
				53B7F324577C08EC9F236C81 /* [CP] Check Pods Manifest.lock */,
				E26FF4471E4EC0F800CD4E50 /* Sources */,
				E26FF4481E4EC0F800CD4E50 /* Frameworks */,
				E26FF4491E4EC0F800CD4E50 /* Resources */,
				60C3A39A41A8195DFDC58244 /* [CP] Embed Pods Frameworks */,
				4AB645539175D024D4FDADB2 /* [CP] Copy Pods Resources */,
			);
			buildRules = (
			);
			dependencies = (
			);
			name = GourmetSearch;
			productName = GourmetSearch;
			productReference = E26FF44B1E4EC0F800CD4E50 /* GourmetSearch.app */;
			productType = "com.apple.product-type.application";
		};
/* End PBXNativeTarget section */

/* Begin PBXProject section */
		E26FF4431E4EC0F800CD4E50 /* Project object */ = {
			isa = PBXProject;
			attributes = {
				LastSwiftUpdateCheck = 0820;
				LastUpgradeCheck = 0820;
				ORGANIZATIONNAME = "長谷川智希";
				TargetAttributes = {
					E26FF44A1E4EC0F800CD4E50 = {
						CreatedOnToolsVersion = 8.2.1;
						DevelopmentTeam = 84EF5J548K;
						LastSwiftMigration = 0820;
						ProvisioningStyle = Automatic;
					};
				};
			};
			buildConfigurationList = E26FF4461E4EC0F800CD4E50 /* Build configuration list for PBXProject "GourmetSearch" */;
			compatibilityVersion = "Xcode 3.2";
			developmentRegion = English;
			hasScannedForEncodings = 0;
			knownRegions = (
				Base,
			);
			mainGroup = E26FF4421E4EC0F800CD4E50;
			productRefGroup = E26FF44C1E4EC0F800CD4E50 /* Products */;
			projectDirPath = "";
			projectRoot = "";
			targets = (
				E26FF44A1E4EC0F800CD4E50 /* GourmetSearch */,
			);
		};
/* End PBXProject section */

/* Begin PBXResourcesBuildPhase section */
		E26FF4491E4EC0F800CD4E50 /* Resources */ = {
			isa = PBXResourcesBuildPhase;
			buildActionMask = 2147483647;
			files = (
				E26FF4591E4EC0F800CD4E50 /* LaunchScreen.storyboard in Resources */,
				E26FF4561E4EC0F800CD4E50 /* Assets.xcassets in Resources */,
				E26FF4541E4EC0F800CD4E50 /* Main.storyboard in Resources */,
			);
			runOnlyForDeploymentPostprocessing = 0;
		};
/* End PBXResourcesBuildPhase section */

/* Begin PBXShellScriptBuildPhase section */
		4AB645539175D024D4FDADB2 /* [CP] Copy Pods Resources */ = {
			isa = PBXShellScriptBuildPhase;
			buildActionMask = 2147483647;
			files = (
			);
			inputPaths = (
			);
			name = "[CP] Copy Pods Resources";
			outputPaths = (
			);
			runOnlyForDeploymentPostprocessing = 0;
			shellPath = /bin/sh;
			shellScript = "\"${SRCROOT}/Pods/Target Support Files/Pods-GourmetSearch/Pods-GourmetSearch-resources.sh\"\n";
			showEnvVarsInLog = 0;
		};
		53B7F324577C08EC9F236C81 /* [CP] Check Pods Manifest.lock */ = {
			isa = PBXShellScriptBuildPhase;
			buildActionMask = 2147483647;
			files = (
			);
			inputPaths = (
			);
			name = "[CP] Check Pods Manifest.lock";
			outputPaths = (
			);
			runOnlyForDeploymentPostprocessing = 0;
			shellPath = /bin/sh;
			shellScript = "diff \"${PODS_ROOT}/../Podfile.lock\" \"${PODS_ROOT}/Manifest.lock\" > /dev/null\nif [ $? != 0 ] ; then\n    # print error to STDERR\n    echo \"error: The sandbox is not in sync with the Podfile.lock. Run 'pod install' or update your CocoaPods installation.\" >&2\n    exit 1\nfi\n";
			showEnvVarsInLog = 0;
		};
		60C3A39A41A8195DFDC58244 /* [CP] Embed Pods Frameworks */ = {
			isa = PBXShellScriptBuildPhase;
			buildActionMask = 2147483647;
			files = (
			);
			inputPaths = (
			);
			name = "[CP] Embed Pods Frameworks";
			outputPaths = (
			);
			runOnlyForDeploymentPostprocessing = 0;
			shellPath = /bin/sh;
			shellScript = "\"${SRCROOT}/Pods/Target Support Files/Pods-GourmetSearch/Pods-GourmetSearch-frameworks.sh\"\n";
			showEnvVarsInLog = 0;
		};
/* End PBXShellScriptBuildPhase section */

/* Begin PBXSourcesBuildPhase section */
		E26FF4471E4EC0F800CD4E50 /* Sources */ = {
			isa = PBXSourcesBuildPhase;
			buildActionMask = 2147483647;
			files = (
				E21CA83F1E4F571C00951815 /* ShopMapDetailViewController.swift in Sources */,
				E2F83AA81E4EEF5E009C51AF /* ShopListItemTableViewCell.swift in Sources */,
				E21CA8381E4F460300951815 /* Favorite.swift in Sources */,
				E26FF4511E4EC0F800CD4E50 /* ShopListViewController.swift in Sources */,
				E21CA8301E4EF94E00951815 /* YahooLocalSearch.swift in Sources */,
				E21CA8341E4F23D600951815 /* FreewordTableViewCell.swift in Sources */,
				E21CA8361E4F344B00951815 /* ShopDetailViewController.swift in Sources */,
				E21CA84A1E4F766500951815 /* PhotoListItemCollectionViewHeader.swift in Sources */,
				E26FF44F1E4EC0F800CD4E50 /* AppDelegate.swift in Sources */,
				E21CA83D1E4F4DC400951815 /* FavoriteNavigationController.swift in Sources */,
				E21CA8321E4F22B700951815 /* SearchTopTableViewController.swift in Sources */,
				E21CA8411E4F58D200951815 /* LocationService.swift in Sources */,
				E21CA8481E4F764500951815 /* PhotoListItemCollectionViewCell.swift in Sources */,
				E21CA8461E4F762700951815 /* PhotoListViewController.swift in Sources */,
				E21CA8431E4F654C00951815 /* ShopPhoto.swift in Sources */,
				E21CA83B1E4F4DB100951815 /* SearchNavigationController.swift in Sources */,
			);
			runOnlyForDeploymentPostprocessing = 0;
		};
/* End PBXSourcesBuildPhase section */

/* Begin PBXVariantGroup section */
		E26FF4521E4EC0F800CD4E50 /* Main.storyboard */ = {
			isa = PBXVariantGroup;
			children = (
				E26FF4531E4EC0F800CD4E50 /* Base */,
			);
			name = Main.storyboard;
			sourceTree = "<group>";
		};
		E26FF4571E4EC0F800CD4E50 /* LaunchScreen.storyboard */ = {
			isa = PBXVariantGroup;
			children = (
				E26FF4581E4EC0F800CD4E50 /* Base */,
				E240FB771E4EC6C2002CEB42 /* ja */,
			);
			name = LaunchScreen.storyboard;
			sourceTree = "<group>";
		};
/* End PBXVariantGroup section */

/* Begin XCBuildConfiguration section */
		E26FF45B1E4EC0F800CD4E50 /* Debug */ = {
			isa = XCBuildConfiguration;
			buildSettings = {
				ALWAYS_SEARCH_USER_PATHS = NO;
				CLANG_ANALYZER_LOCALIZABILITY_NONLOCALIZED = YES;
				CLANG_ANALYZER_NONNULL = YES;
				CLANG_CXX_LANGUAGE_STANDARD = "gnu++0x";
				CLANG_CXX_LIBRARY = "libc++";
				CLANG_ENABLE_MODULES = YES;
				CLANG_ENABLE_OBJC_ARC = YES;
				CLANG_WARN_BOOL_CONVERSION = YES;
				CLANG_WARN_CONSTANT_CONVERSION = YES;
				CLANG_WARN_DIRECT_OBJC_ISA_USAGE = YES_ERROR;
				CLANG_WARN_DOCUMENTATION_COMMENTS = YES;
				CLANG_WARN_EMPTY_BODY = YES;
				CLANG_WARN_ENUM_CONVERSION = YES;
				CLANG_WARN_INFINITE_RECURSION = YES;
				CLANG_WARN_INT_CONVERSION = YES;
				CLANG_WARN_OBJC_ROOT_CLASS = YES_ERROR;
				CLANG_WARN_SUSPICIOUS_MOVE = YES;
				CLANG_WARN_UNREACHABLE_CODE = YES;
				CLANG_WARN__DUPLICATE_METHOD_MATCH = YES;
				"CODE_SIGN_IDENTITY[sdk=iphoneos*]" = "iPhone Developer";
				COPY_PHASE_STRIP = NO;
				DEBUG_INFORMATION_FORMAT = dwarf;
				ENABLE_STRICT_OBJC_MSGSEND = YES;
				ENABLE_TESTABILITY = YES;
				GCC_C_LANGUAGE_STANDARD = gnu99;
				GCC_DYNAMIC_NO_PIC = NO;
				GCC_NO_COMMON_BLOCKS = YES;
				GCC_OPTIMIZATION_LEVEL = 0;
				GCC_PREPROCESSOR_DEFINITIONS = (
					"DEBUG=1",
					"$(inherited)",
				);
				GCC_WARN_64_TO_32_BIT_CONVERSION = YES;
				GCC_WARN_ABOUT_RETURN_TYPE = YES_ERROR;
				GCC_WARN_UNDECLARED_SELECTOR = YES;
				GCC_WARN_UNINITIALIZED_AUTOS = YES_AGGRESSIVE;
				GCC_WARN_UNUSED_FUNCTION = YES;
				GCC_WARN_UNUSED_VARIABLE = YES;
				IPHONEOS_DEPLOYMENT_TARGET = 10.0;
				MTL_ENABLE_DEBUG_INFO = YES;
				ONLY_ACTIVE_ARCH = YES;
				SDKROOT = iphoneos;
				SWIFT_ACTIVE_COMPILATION_CONDITIONS = DEBUG;
				SWIFT_OPTIMIZATION_LEVEL = "-Onone";
			};
			name = Debug;
		};
		E26FF45C1E4EC0F800CD4E50 /* Release */ = {
			isa = XCBuildConfiguration;
			buildSettings = {
				ALWAYS_SEARCH_USER_PATHS = NO;
				CLANG_ANALYZER_LOCALIZABILITY_NONLOCALIZED = YES;
				CLANG_ANALYZER_NONNULL = YES;
				CLANG_CXX_LANGUAGE_STANDARD = "gnu++0x";
				CLANG_CXX_LIBRARY = "libc++";
				CLANG_ENABLE_MODULES = YES;
				CLANG_ENABLE_OBJC_ARC = YES;
				CLANG_WARN_BOOL_CONVERSION = YES;
				CLANG_WARN_CONSTANT_CONVERSION = YES;
				CLANG_WARN_DIRECT_OBJC_ISA_USAGE = YES_ERROR;
				CLANG_WARN_DOCUMENTATION_COMMENTS = YES;
				CLANG_WARN_EMPTY_BODY = YES;
				CLANG_WARN_ENUM_CONVERSION = YES;
				CLANG_WARN_INFINITE_RECURSION = YES;
				CLANG_WARN_INT_CONVERSION = YES;
				CLANG_WARN_OBJC_ROOT_CLASS = YES_ERROR;
				CLANG_WARN_SUSPICIOUS_MOVE = YES;
				CLANG_WARN_UNREACHABLE_CODE = YES;
				CLANG_WARN__DUPLICATE_METHOD_MATCH = YES;
				"CODE_SIGN_IDENTITY[sdk=iphoneos*]" = "iPhone Developer";
				COPY_PHASE_STRIP = NO;
				DEBUG_INFORMATION_FORMAT = "dwarf-with-dsym";
				ENABLE_NS_ASSERTIONS = NO;
				ENABLE_STRICT_OBJC_MSGSEND = YES;
				GCC_C_LANGUAGE_STANDARD = gnu99;
				GCC_NO_COMMON_BLOCKS = YES;
				GCC_WARN_64_TO_32_BIT_CONVERSION = YES;
				GCC_WARN_ABOUT_RETURN_TYPE = YES_ERROR;
				GCC_WARN_UNDECLARED_SELECTOR = YES;
				GCC_WARN_UNINITIALIZED_AUTOS = YES_AGGRESSIVE;
				GCC_WARN_UNUSED_FUNCTION = YES;
				GCC_WARN_UNUSED_VARIABLE = YES;
				IPHONEOS_DEPLOYMENT_TARGET = 10.0;
				MTL_ENABLE_DEBUG_INFO = NO;
				SDKROOT = iphoneos;
				SWIFT_OPTIMIZATION_LEVEL = "-Owholemodule";
				VALIDATE_PRODUCT = YES;
			};
			name = Release;
		};
		E26FF45E1E4EC0F800CD4E50 /* Debug */ = {
			isa = XCBuildConfiguration;
			baseConfigurationReference = 95AA0866C4FEE820BDE0BCAD /* Pods-GourmetSearch.debug.xcconfig */;
			buildSettings = {
				ASSETCATALOG_COMPILER_APPICON_NAME = AppIcon;
				CLANG_ENABLE_MODULES = YES;
				DEVELOPMENT_TEAM = 84EF5J548K;
				INFOPLIST_FILE = GourmetSearch/Info.plist;
				LD_RUNPATH_SEARCH_PATHS = "$(inherited) @executable_path/Frameworks";
				PRODUCT_BUNDLE_IDENTIFIER = com.example.GourmetSearch;
				PRODUCT_NAME = "$(TARGET_NAME)";
				SWIFT_OBJC_BRIDGING_HEADER = "GourmetSearch-Bridging-Header.h";
				SWIFT_OPTIMIZATION_LEVEL = "-Onone";
				SWIFT_VERSION = 3.0;
			};
			name = Debug;
		};
		E26FF45F1E4EC0F800CD4E50 /* Release */ = {
			isa = XCBuildConfiguration;
			baseConfigurationReference = 42132D984E26E1DB2288642B /* Pods-GourmetSearch.release.xcconfig */;
			buildSettings = {
				ASSETCATALOG_COMPILER_APPICON_NAME = AppIcon;
				CLANG_ENABLE_MODULES = YES;
				DEVELOPMENT_TEAM = 84EF5J548K;
				INFOPLIST_FILE = GourmetSearch/Info.plist;
				LD_RUNPATH_SEARCH_PATHS = "$(inherited) @executable_path/Frameworks";
				PRODUCT_BUNDLE_IDENTIFIER = com.example.GourmetSearch;
				PRODUCT_NAME = "$(TARGET_NAME)";
				SWIFT_OBJC_BRIDGING_HEADER = "GourmetSearch-Bridging-Header.h";
				SWIFT_VERSION = 3.0;
			};
			name = Release;
		};
/* End XCBuildConfiguration section */

/* Begin XCConfigurationList section */
		E26FF4461E4EC0F800CD4E50 /* Build configuration list for PBXProject "GourmetSearch" */ = {
			isa = XCConfigurationList;
			buildConfigurations = (
				E26FF45B1E4EC0F800CD4E50 /* Debug */,
				E26FF45C1E4EC0F800CD4E50 /* Release */,
			);
			defaultConfigurationIsVisible = 0;
			defaultConfigurationName = Release;
		};
		E26FF45D1E4EC0F800CD4E50 /* Build configuration list for PBXNativeTarget "GourmetSearch" */ = {
			isa = XCConfigurationList;
			buildConfigurations = (
				E26FF45E1E4EC0F800CD4E50 /* Debug */,
				E26FF45F1E4EC0F800CD4E50 /* Release */,
			);
			defaultConfigurationIsVisible = 0;
			defaultConfigurationName = Release;
		};
/* End XCConfigurationList section */
	};
	rootObject = E26FF4431E4EC0F800CD4E50 /* Project object */;
}
